<?xml version="1.0" encoding="UTF-8" standalone="yes" ?>
<CodeBlocks_project_file>
	<FileVersion major="1" minor="6" />
	<Project>
		<Option title="MinimalUI" />
		<Option pch_mode="2" />
		<Option compiler="gcc" />
		<Build>
			<Target title="Debug">
				<Option output="bin/Debug/MinimalUI" prefix_auto="1" extension_auto="1" />
				<Option object_output="obj/Debug/" />
				<Option type="0" />
				<Option compiler="gcc" />
				<Compiler>
					<Add option="-std=c++11" />
					<Add option="-g" />
					<Add directory="../../ExternalLibs/sqllite/src" />
					<Add directory="../../ExternalLibs/libjpeg/src/libjpeg" />
					<Add directory="../../ExternalLibs/UIObjects/src" />
					<Add directory="../../ExternalLibs/libvlc/sdk/include" />
					<Add directory="../../ExternalLibs/gumbo-parser-master/src" />
					<Add directory="../../ExternalLibs/zipUtils/zlib" />
					<Add directory="../../ExternalLibs/zipUtils/unzip" />
					<Add directory="../../ExternalLibs/curl-7.40.0-devel-mingw32/include" />
					<Add directory="../../ExternalLibs/sdl_ext/src" />
					<Add directory="../../ExternalLibs/tidy/include" />
					<Add directory="../httpCurl/httpcurl/src" />
					<Add directory="../rijndael" />
					<Add directory="../httpCurl/httpcurl/src/jsoncpp-0.10.5/include" />
					<Add directory="src" />
					<Add directory="../../ExternalLibs/vlc-2.2.4/sdk/include" />
					<Add directory="../../ExternalLibs/UIObjects/src/common" />
				</Compiler>
				<Linker>
					<Add option="-lsqllite" />
					<Add option="-lUIObjects" />
					<Add option="-lsdlgfx" />
					<Add option="-lmingw32" />
					<Add option="-lSDLmain" />
					<Add option="-lSDL" />
					<Add option="-lSDL_mixer" />
					<Add option="-lSDL_ttf" />
					<Add option="-lSDL_image" />
					<Add option="-lzipUtils" />
					<Add option="-lhttpcurl" />
					<Add option="-lcrypto" />
					<Add option="-lcurl" />
					<Add option="-lcurldll" />
					<Add option="-lidn" />
					<Add option="-lrtmp" />
					<Add option="-lssh2" />
					<Add option="-lssh2dll" />
					<Add option="-lssl" />
					<Add option="-lz" />
					<Add option="-lzdll" />
					<Add option="-ltidy" />
					<Add option="-lgumboParser" />
					<Add option="-lws2_32" />
					<Add library="../../ExternalLibs/libjpeg/bin/Release/libjpeg.a" />
					<Add library="../../ExternalLibs/vlc-2.2.4/sdk/lib/vlc.lib" />
					<Add library="../../ExternalLibs/vlc-2.2.4/sdk/lib/vlccore.lib" />
					<Add directory="../../ExternalLibs/UIObjects/bin/Release" />
					<Add directory="../../ExternalLibs/zipUtils/bin/Release" />
					<Add directory="../../ExternalLibs/sqllite/bin/Release" />
					<Add directory="../../ExternalLibs/gumbo-parser-master/bin/Release" />
					<Add directory="../httpCurl/httpcurl/bin/Release" />
					<Add directory="../../ExternalLibs/curl-7.40.0-devel-mingw32/lib" />
					<Add directory="../../ExternalLibs/tidy/bin/Release" />
					<Add directory="../../ExternalLibs/vlc-2.2.4/sdk/lib" />
				</Linker>
			</Target>
		</Build>
		<Compiler>
			<Add option="-w" />
			<Add option="-fexceptions" />
		</Compiler>
		<Unit filename="../../ExternalLibs/UIObjects/src/common/Icogestor.cpp" />
		<Unit filename="../../ExternalLibs/UIObjects/src/common/Icogestor.h" />
		<Unit filename="../../ExternalLibs/UIObjects/src/common/Ioutil.cpp" />
		<Unit filename="../../ExternalLibs/UIObjects/src/common/Ioutil.h" />
		<Unit filename="resource.rc">
			<Option compilerVar="WINDRES" />
		</Unit>
		<Unit filename="src/Iofrontend.cpp" />
		<Unit filename="src/Iofrontend.h" />
		<Unit filename="src/main.cpp" />
		<Unit filename="src/main.h" />
		<Unit filename="src/roms/EmuProperties.h" />
		<Unit filename="src/roms/bdrominfoout.h" />
		<Unit filename="src/roms/estructuras.cpp" />
		<Unit filename="src/roms/estructuras.h" />
		<Unit filename="src/roms/gestorroms.cpp" />
		<Unit filename="src/roms/gestorroms.h" />
		<Unit filename="src/roms/mamehistoryparser.cpp" />
		<Unit filename="src/roms/mamehistoryparser.h" />
		<Unit filename="src/roms/romwebinfo.cpp" />
		<Unit filename="src/roms/romwebinfo.h" />
		<Unit filename="src/roms/thegamesdb.cpp" />
		<Unit filename="src/roms/thegamesdb.h" />
		<Unit filename="src/sdl/SDL_draw.c">
			<Option compilerVar="CC" />
		</Unit>
		<Unit filename="src/sdl/SDL_draw.h" />
		<Unit filename="src/unzip/unziptool.cpp" />
		<Unit filename="src/unzip/unziptool.h" />
		<Unit filename="src/vlcplayer/glvlcplayer.cpp">
			<Option target="&lt;{~None~}&gt;" />
		</Unit>
		<Unit filename="src/vlcplayer/glvlcplayer.h">
			<Option target="&lt;{~None~}&gt;" />
		</Unit>
		<Unit filename="src/vlcplayer/vlcplayer.cpp" />
		<Unit filename="src/vlcplayer/vlcplayer.h" />
		<Extensions>
			<code_completion />
			<envvars />
			<debugger />
			<DoxyBlocks>
				<comment_style block="0" line="0" />
				<doxyfile_project />
				<doxyfile_build />
				<doxyfile_warnings />
				<doxyfile_output />
				<doxyfile_dot />
				<general />
			</DoxyBlocks>
		</Extensions>
	</Project>
</CodeBlocks_project_file>
